
Microsoft Visual Studio Solution File, Format Version 12.00
# Visual Studio Version 17
VisualStudioVersion = 17.6.33815.320
MinimumVisualStudioVersion = 10.0.40219.1
Project("{FAE04EC0-301F-11D3-BF4B-00C04F79EFBC}") = "SampleSession", "SampleSession\SampleSession.csproj", "{C0D7F0DA-A417-4971-B020-B5CD12EB258A}"
EndProject
Project("{FAE04EC0-301F-11D3-BF4B-00C04F79EFBC}") = "myUtility", "myUtility\myUtility.csproj", "{9FBDB9D9-35AB-4F89-B77E-A38078A76AC4}"
EndProject
Project("{FAE04EC0-301F-11D3-BF4B-00C04F79EFBC}") = "myServices", "myServices\myServices.csproj", "{247E9E61-3E37-4345-A038-518BC81FAC09}"
EndProject
Global
	GlobalSection(SolutionConfigurationPlatforms) = preSolution
		Debug|Any CPU = Debug|Any CPU
		Release|Any CPU = Release|Any CPU
	EndGlobalSection
	GlobalSection(ProjectConfigurationPlatforms) = postSolution
		{C0D7F0DA-A417-4971-B020-B5CD12EB258A}.Debug|Any CPU.ActiveCfg = Debug|Any CPU
		{C0D7F0DA-A417-4971-B020-B5CD12EB258A}.Debug|Any CPU.Build.0 = Debug|Any CPU
		{C0D7F0DA-A417-4971-B020-B5CD12EB258A}.Release|Any CPU.ActiveCfg = Release|Any CPU
		{C0D7F0DA-A417-4971-B020-B5CD12EB258A}.Release|Any CPU.Build.0 = Release|Any CPU
		{9FBDB9D9-35AB-4F89-B77E-A38078A76AC4}.Debug|Any CPU.ActiveCfg = Debug|Any CPU
		{9FBDB9D9-35AB-4F89-B77E-A38078A76AC4}.Debug|Any CPU.Build.0 = Debug|Any CPU
		{9FBDB9D9-35AB-4F89-B77E-A38078A76AC4}.Release|Any CPU.ActiveCfg = Release|Any CPU
		{9FBDB9D9-35AB-4F89-B77E-A38078A76AC4}.Release|Any CPU.Build.0 = Release|Any CPU
		{247E9E61-3E37-4345-A038-518BC81FAC09}.Debug|Any CPU.ActiveCfg = Debug|Any CPU
		{247E9E61-3E37-4345-A038-518BC81FAC09}.Debug|Any CPU.Build.0 = Debug|Any CPU
		{247E9E61-3E37-4345-A038-518BC81FAC09}.Release|Any CPU.ActiveCfg = Release|Any CPU
		{247E9E61-3E37-4345-A038-518BC81FAC09}.Release|Any CPU.Build.0 = Release|Any CPU
	EndGlobalSection
	GlobalSection(SolutionProperties) = preSolution
		HideSolutionNode = FALSE
	EndGlobalSection
	GlobalSection(ExtensibilityGlobals) = postSolution
		SolutionGuid = {05AC2DC8-839E-42E3-BEEB-070B23071E64}
	EndGlobalSection
EndGlobal
